{
  "name": "Reviews",
  "lockfileVersion": 2,
  "requires": true,
  "packages": {
    "": {
      "dependencies": {
        "squirrel": "^1.0.0"
      }
    },
    "node_modules/debug": {
      "version": "4.3.4",
      "resolved": "https://registry.npmjs.org/debug/-/debug-4.3.4.tgz",
      "integrity": "sha512-PRWFHuSU3eDtQJPvnNY7Jcket1j0t5OuOsFzPPzsekD52Zl8qUfFIPEiswXqIvHWGVHOgX+7G/vCNNhehwxfkQ==",
      "dependencies": {
        "ms": "2.1.2"
      },
      "engines": {
        "node": ">=6.0"
      },
      "peerDependenciesMeta": {
        "supports-color": {
          "optional": true
        }
      }
    },
    "node_modules/ms": {
      "version": "2.1.2",
      "resolved": "https://registry.npmjs.org/ms/-/ms-2.1.2.tgz",
      "integrity": "sha512-sGkPx+VjMtmA6MX27oA4FBFELFCZZ4S4XqeGOXCv68tT+jb3vk/RyaKWP0PTKyWtmLSM0b+adUTEvbs1PEaH2w=="
    },
    "node_modules/mute-stream": {
      "version": "0.0.8",
      "resolved": "https://registry.npmjs.org/mute-stream/-/mute-stream-0.0.8.tgz",
      "integrity": "sha512-nnbWWOkoWyUsTjKrhgD0dcz22mdkSnpYqbEjIm2nhwhuxlSkpywJmBo8h0ZqJdkp73mb90SssHkN4rsRaBAfAA=="
    },
    "node_modules/pull-core": {
      "version": "1.1.0",
      "resolved": "https://registry.npmjs.org/pull-core/-/pull-core-1.1.0.tgz",
      "integrity": "sha512-j9cx14l4m4czQ7B85suR3QtdlAZWhQVY+OjcBHnhSh3Yu3XWJF2D720Ur9na7CxIGr2cZa1D15rrrY6xqMAvcA=="
    },
    "node_modules/pull-stream": {
      "version": "2.28.4",
      "resolved": "https://registry.npmjs.org/pull-stream/-/pull-stream-2.28.4.tgz",
      "integrity": "sha512-+uTgIM11eTOctGHxiTgNC/50qyM6PXcf8OxG1gTQIimamqlnIIxR0LjDbLWbeU1jfzg3EArVxknUQWEs8dmArw==",
      "dependencies": {
        "pull-core": "~1.1.0"
      }
    },
    "node_modules/read": {
      "version": "1.0.7",
      "resolved": "https://registry.npmjs.org/read/-/read-1.0.7.tgz",
      "integrity": "sha512-rSOKNYUmaxy0om1BNjMN4ezNT6VKK+2xF4GBhc81mkH7L60i6dp8qPYrkndNLT3QPphoII3maL9PVC9XmhHwVQ==",
      "dependencies": {
        "mute-stream": "~0.0.4"
      },
      "engines": {
        "node": ">=0.8"
      }
    },
    "node_modules/squirrel": {
      "version": "1.0.0",
      "resolved": "https://registry.npmjs.org/squirrel/-/squirrel-1.0.0.tgz",
      "integrity": "sha512-R63f6agVQIhzl58Bk/ecjomYt15J+F5XnOho0QBK+tUzLpKEy7V+dsMINB4ZCkrzLqOgfvAi1axwKgpkrqRxOw==",
      "dependencies": {
        "debug": "*",
        "pull-stream": "^2",
        "read": "^1",
        "underscore": "^1"
      }
    },
    "node_modules/underscore": {
      "version": "1.13.6",
      "resolved": "https://registry.npmjs.org/underscore/-/underscore-1.13.6.tgz",
      "integrity": "sha512-+A5Sja4HP1M08MaXya7p5LvjuM7K6q/2EaC0+iovj/wOcMsTzMvDFbasi/oSapiwOlt252IqsKqPjCl7huKS0A=="
    }
  },
  "dependencies": {
    "debug": {
      "version": "4.3.4",
      "resolved": "https://registry.npmjs.org/debug/-/debug-4.3.4.tgz",
      "integrity": "sha512-PRWFHuSU3eDtQJPvnNY7Jcket1j0t5OuOsFzPPzsekD52Zl8qUfFIPEiswXqIvHWGVHOgX+7G/vCNNhehwxfkQ==",
      "requires": {
        "ms": "2.1.2"
      }
    },
    "ms": {
      "version": "2.1.2",
      "resolved": "https://registry.npmjs.org/ms/-/ms-2.1.2.tgz",
      "integrity": "sha512-sGkPx+VjMtmA6MX27oA4FBFELFCZZ4S4XqeGOXCv68tT+jb3vk/RyaKWP0PTKyWtmLSM0b+adUTEvbs1PEaH2w=="
    },
    "mute-stream": {
      "version": "0.0.8",
      "resolved": "https://registry.npmjs.org/mute-stream/-/mute-stream-0.0.8.tgz",
      "integrity": "sha512-nnbWWOkoWyUsTjKrhgD0dcz22mdkSnpYqbEjIm2nhwhuxlSkpywJmBo8h0ZqJdkp73mb90SssHkN4rsRaBAfAA=="
    },
    "pull-core": {
      "version": "1.1.0",
      "resolved": "https://registry.npmjs.org/pull-core/-/pull-core-1.1.0.tgz",
      "integrity": "sha512-j9cx14l4m4czQ7B85suR3QtdlAZWhQVY+OjcBHnhSh3Yu3XWJF2D720Ur9na7CxIGr2cZa1D15rrrY6xqMAvcA=="
    },
    "pull-stream": {
      "version": "2.28.4",
      "resolved": "https://registry.npmjs.org/pull-stream/-/pull-stream-2.28.4.tgz",
      "integrity": "sha512-+uTgIM11eTOctGHxiTgNC/50qyM6PXcf8OxG1gTQIimamqlnIIxR0LjDbLWbeU1jfzg3EArVxknUQWEs8dmArw==",
      "requires": {
        "pull-core": "~1.1.0"
      }
    },
    "read": {
      "version": "1.0.7",
      "resolved": "https://registry.npmjs.org/read/-/read-1.0.7.tgz",
      "integrity": "sha512-rSOKNYUmaxy0om1BNjMN4ezNT6VKK+2xF4GBhc81mkH7L60i6dp8qPYrkndNLT3QPphoII3maL9PVC9XmhHwVQ==",
      "requires": {
        "mute-stream": "~0.0.4"
      }
    },
    "squirrel": {
      "version": "1.0.0",
      "resolved": "https://registry.npmjs.org/squirrel/-/squirrel-1.0.0.tgz",
      "integrity": "sha512-R63f6agVQIhzl58Bk/ecjomYt15J+F5XnOho0QBK+tUzLpKEy7V+dsMINB4ZCkrzLqOgfvAi1axwKgpkrqRxOw==",
      "requires": {
        "debug": "*",
        "pull-stream": "^2",
        "read": "^1",
        "underscore": "^1"
      }
    },
    "underscore": {
      "version": "1.13.6",
      "resolved": "https://registry.npmjs.org/underscore/-/underscore-1.13.6.tgz",
      "integrity": "sha512-+A5Sja4HP1M08MaXya7p5LvjuM7K6q/2EaC0+iovj/wOcMsTzMvDFbasi/oSapiwOlt252IqsKqPjCl7huKS0A=="
    }
  }
}
